// !$*UTF8*$!
{
	archiveVersion = 1;
	classes = {
	};
	objectVersion = 56;
	objects = {

/* Begin PBXBuildFile section */
		BF2ACBE12CA9D2A5005EAD24 /* AppDelegate.swift in Sources */ = {isa = PBXBuildFile; fileRef = BF2ACBE02CA9D2A5005EAD24 /* AppDelegate.swift */; };
		BF2ACBE32CA9D2A5005EAD24 /* SceneDelegate.swift in Sources */ = {isa = PBXBuildFile; fileRef = BF2ACBE22CA9D2A5005EAD24 /* SceneDelegate.swift */; };
		BF2ACBE52CA9D2A5005EAD24 /* LibraryViewController.swift in Sources */ = {isa = PBXBuildFile; fileRef = BF2ACBE42CA9D2A5005EAD24 /* LibraryViewController.swift */; };
		BF2ACBEA2CA9D2A7005EAD24 /* Assets.xcassets in Resources */ = {isa = PBXBuildFile; fileRef = BF2ACBE92CA9D2A7005EAD24 /* Assets.xcassets */; };
		BF2ACBED2CA9D2A7005EAD24 /* Base in Resources */ = {isa = PBXBuildFile; fileRef = BF2ACBEC2CA9D2A7005EAD24 /* Base */; };
		BF2ACBF52CA9D625005EAD24 /* LibraryTableView.swift in Sources */ = {isa = PBXBuildFile; fileRef = BF2ACBF42CA9D625005EAD24 /* LibraryTableView.swift */; };
		BF2ACBF72CA9D691005EAD24 /* LibraryCell.swift in Sources */ = {isa = PBXBuildFile; fileRef = BF2ACBF62CA9D691005EAD24 /* LibraryCell.swift */; };
		BF2ACBFA2CA9D81A005EAD24 /* LibraryView.swift in Sources */ = {isa = PBXBuildFile; fileRef = BF2ACBF92CA9D81A005EAD24 /* LibraryView.swift */; };
		BF2ACBFE2CA9D98B005EAD24 /* Book.swift in Sources */ = {isa = PBXBuildFile; fileRef = BF2ACBFC2CA9D98B005EAD24 /* Book.swift */; };
		BF2ACBFF2CA9D98B005EAD24 /* Library.swift in Sources */ = {isa = PBXBuildFile; fileRef = BF2ACBFD2CA9D98B005EAD24 /* Library.swift */; };
		BF2ACC022CA9D9DE005EAD24 /* LibraryAddBookCell.swift in Sources */ = {isa = PBXBuildFile; fileRef = BF2ACC012CA9D9DE005EAD24 /* LibraryAddBookCell.swift */; };
/* End PBXBuildFile section */

/* Begin PBXFileReference section */
		BF2ACBDD2CA9D2A5005EAD24 /* ReadMe.app */ = {isa = PBXFileReference; explicitFileType = wrapper.application; includeInIndex = 0; path = ReadMe.app; sourceTree = BUILT_PRODUCTS_DIR; };
		BF2ACBE02CA9D2A5005EAD24 /* AppDelegate.swift */ = {isa = PBXFileReference; lastKnownFileType = sourcecode.swift; path = AppDelegate.swift; sourceTree = "<group>"; };
		BF2ACBE22CA9D2A5005EAD24 /* SceneDelegate.swift */ = {isa = PBXFileReference; lastKnownFileType = sourcecode.swift; path = SceneDelegate.swift; sourceTree = "<group>"; };
		BF2ACBE42CA9D2A5005EAD24 /* LibraryViewController.swift */ = {isa = PBXFileReference; lastKnownFileType = sourcecode.swift; path = LibraryViewController.swift; sourceTree = "<group>"; };
		BF2ACBE92CA9D2A7005EAD24 /* Assets.xcassets */ = {isa = PBXFileReference; lastKnownFileType = folder.assetcatalog; path = Assets.xcassets; sourceTree = "<group>"; };
		BF2ACBEC2CA9D2A7005EAD24 /* Base */ = {isa = PBXFileReference; lastKnownFileType = file.storyboard; name = Base; path = Base.lproj/LaunchScreen.storyboard; sourceTree = "<group>"; };
		BF2ACBEE2CA9D2A7005EAD24 /* Info.plist */ = {isa = PBXFileReference; lastKnownFileType = text.plist.xml; path = Info.plist; sourceTree = "<group>"; };
		BF2ACBF42CA9D625005EAD24 /* LibraryTableView.swift */ = {isa = PBXFileReference; lastKnownFileType = sourcecode.swift; path = LibraryTableView.swift; sourceTree = "<group>"; };
		BF2ACBF62CA9D691005EAD24 /* LibraryCell.swift */ = {isa = PBXFileReference; lastKnownFileType = sourcecode.swift; path = LibraryCell.swift; sourceTree = "<group>"; };
		BF2ACBF92CA9D81A005EAD24 /* LibraryView.swift */ = {isa = PBXFileReference; lastKnownFileType = sourcecode.swift; path = LibraryView.swift; sourceTree = "<group>"; };
		BF2ACBFC2CA9D98B005EAD24 /* Book.swift */ = {isa = PBXFileReference; fileEncoding = 4; lastKnownFileType = sourcecode.swift; path = Book.swift; sourceTree = "<group>"; };
		BF2ACBFD2CA9D98B005EAD24 /* Library.swift */ = {isa = PBXFileReference; fileEncoding = 4; lastKnownFileType = sourcecode.swift; path = Library.swift; sourceTree = "<group>"; };
		BF2ACC012CA9D9DE005EAD24 /* LibraryAddBookCell.swift */ = {isa = PBXFileReference; fileEncoding = 4; lastKnownFileType = sourcecode.swift; path = LibraryAddBookCell.swift; sourceTree = "<group>"; };
/* End PBXFileReference section */

/* Begin PBXFrameworksBuildPhase section */
		BF2ACBDA2CA9D2A5005EAD24 /* Frameworks */ = {
			isa = PBXFrameworksBuildPhase;
			buildActionMask = 2147483647;
			files = (
			);
			runOnlyForDeploymentPostprocessing = 0;
		};
/* End PBXFrameworksBuildPhase section */

/* Begin PBXGroup section */
		BF2ACBD42CA9D2A5005EAD24 = {
			isa = PBXGroup;
			children = (
				BF2ACBDF2CA9D2A5005EAD24 /* ReadMe */,
				BF2ACBDE2CA9D2A5005EAD24 /* Products */,
			);
			sourceTree = "<group>";
		};
		BF2ACBDE2CA9D2A5005EAD24 /* Products */ = {
			isa = PBXGroup;
			children = (
				BF2ACBDD2CA9D2A5005EAD24 /* ReadMe.app */,
			);
			name = Products;
			sourceTree = "<group>";
		};
		BF2ACBDF2CA9D2A5005EAD24 /* ReadMe */ = {
			isa = PBXGroup;
			children = (
				BF2ACBFB2CA9D955005EAD24 /* Models */,
				BF2ACBE02CA9D2A5005EAD24 /* AppDelegate.swift */,
				BF2ACBE22CA9D2A5005EAD24 /* SceneDelegate.swift */,
				BF2ACBF82CA9D743005EAD24 /* Library */,
				BF2ACBE92CA9D2A7005EAD24 /* Assets.xcassets */,
				BF2ACBEB2CA9D2A7005EAD24 /* LaunchScreen.storyboard */,
				BF2ACBEE2CA9D2A7005EAD24 /* Info.plist */,
			);
			path = ReadMe;
			sourceTree = "<group>";
		};
		BF2ACBF82CA9D743005EAD24 /* Library */ = {
			isa = PBXGroup;
			children = (
				BF2ACC002CA9D9C0005EAD24 /* Cells */,
				BF2ACBE42CA9D2A5005EAD24 /* LibraryViewController.swift */,
				BF2ACBF92CA9D81A005EAD24 /* LibraryView.swift */,
				BF2ACBF42CA9D625005EAD24 /* LibraryTableView.swift */,
			);
			path = Library;
			sourceTree = "<group>";
		};
		BF2ACBFB2CA9D955005EAD24 /* Models */ = {
			isa = PBXGroup;
			children = (
				BF2ACBFC2CA9D98B005EAD24 /* Book.swift */,
				BF2ACBFD2CA9D98B005EAD24 /* Library.swift */,
			);
			path = Models;
			sourceTree = "<group>";
		};
		BF2ACC002CA9D9C0005EAD24 /* Cells */ = {
			isa = PBXGroup;
			children = (
				BF2ACC012CA9D9DE005EAD24 /* LibraryAddBookCell.swift */,
				BF2ACBF62CA9D691005EAD24 /* LibraryCell.swift */,
			);
			path = Cells;
			sourceTree = "<group>";
		};
/* End PBXGroup section */

/* Begin PBXNativeTarget section */
		BF2ACBDC2CA9D2A5005EAD24 /* ReadMe */ = {
			isa = PBXNativeTarget;
			buildConfigurationList = BF2ACBF12CA9D2A7005EAD24 /* Build configuration list for PBXNativeTarget "ReadMe" */;
			buildPhases = (
				BF2ACBD92CA9D2A5005EAD24 /* Sources */,
				BF2ACBDA2CA9D2A5005EAD24 /* Frameworks */,
				BF2ACBDB2CA9D2A5005EAD24 /* Resources */,
			);
			buildRules = (
			);
			dependencies = (
			);
			name = ReadMe;
			productName = ReadMe;
			productReference = BF2ACBDD2CA9D2A5005EAD24 /* ReadMe.app */;
			productType = "com.apple.product-type.application";
		};
/* End PBXNativeTarget section */

/* Begin PBXProject section */
		BF2ACBD52CA9D2A5005EAD24 /* Project object */ = {
			isa = PBXProject;
			attributes = {
				BuildIndependentTargetsInParallel = 1;
				LastSwiftUpdateCheck = 1530;
				LastUpgradeCheck = 1530;
				TargetAttributes = {
					BF2ACBDC2CA9D2A5005EAD24 = {
						CreatedOnToolsVersion = 15.3;
					};
				};
			};
			buildConfigurationList = BF2ACBD82CA9D2A5005EAD24 /* Build configuration list for PBXProject "ReadMe" */;
			compatibilityVersion = "Xcode 14.0";
			developmentRegion = en;
			hasScannedForEncodings = 0;
			knownRegions = (
				en,
				Base,
			);
			mainGroup = BF2ACBD42CA9D2A5005EAD24;
			productRefGroup = BF2ACBDE2CA9D2A5005EAD24 /* Products */;
			projectDirPath = "";
			projectRoot = "";
			targets = (
				BF2ACBDC2CA9D2A5005EAD24 /* ReadMe */,
			);
		};
/* End PBXProject section */

/* Begin PBXResourcesBuildPhase section */
		BF2ACBDB2CA9D2A5005EAD24 /* Resources */ = {
			isa = PBXResourcesBuildPhase;
			buildActionMask = 2147483647;
			files = (
				BF2ACBEA2CA9D2A7005EAD24 /* Assets.xcassets in Resources */,
				BF2ACBED2CA9D2A7005EAD24 /* Base in Resources */,
			);
			runOnlyForDeploymentPostprocessing = 0;
		};
/* End PBXResourcesBuildPhase section */

/* Begin PBXSourcesBuildPhase section */
		BF2ACBD92CA9D2A5005EAD24 /* Sources */ = {
			isa = PBXSourcesBuildPhase;
			buildActionMask = 2147483647;
			files = (
				BF2ACBFA2CA9D81A005EAD24 /* LibraryView.swift in Sources */,
				BF2ACBF72CA9D691005EAD24 /* LibraryCell.swift in Sources */,
				BF2ACBFE2CA9D98B005EAD24 /* Book.swift in Sources */,
				BF2ACBE52CA9D2A5005EAD24 /* LibraryViewController.swift in Sources */,
				BF2ACBF52CA9D625005EAD24 /* LibraryTableView.swift in Sources */,
				BF2ACBFF2CA9D98B005EAD24 /* Library.swift in Sources */,
				BF2ACBE12CA9D2A5005EAD24 /* AppDelegate.swift in Sources */,
				BF2ACC022CA9D9DE005EAD24 /* LibraryAddBookCell.swift in Sources */,
				BF2ACBE32CA9D2A5005EAD24 /* SceneDelegate.swift in Sources */,
			);
			runOnlyForDeploymentPostprocessing = 0;
		};
/* End PBXSourcesBuildPhase section */

/* Begin PBXVariantGroup section */
		BF2ACBEB2CA9D2A7005EAD24 /* LaunchScreen.storyboard */ = {
			isa = PBXVariantGroup;
			children = (
				BF2ACBEC2CA9D2A7005EAD24 /* Base */,
			);
			name = LaunchScreen.storyboard;
			sourceTree = "<group>";
		};
/* End PBXVariantGroup section */

/* Begin XCBuildConfiguration section */
		BF2ACBEF2CA9D2A7005EAD24 /* Debug */ = {
			isa = XCBuildConfiguration;
			buildSettings = {
				ALWAYS_SEARCH_USER_PATHS = NO;
				ASSETCATALOG_COMPILER_GENERATE_SWIFT_ASSET_SYMBOL_EXTENSIONS = YES;
				CLANG_ANALYZER_NONNULL = YES;
				CLANG_ANALYZER_NUMBER_OBJECT_CONVERSION = YES_AGGRESSIVE;
				CLANG_CXX_LANGUAGE_STANDARD = "gnu++20";
				CLANG_ENABLE_MODULES = YES;
				CLANG_ENABLE_OBJC_ARC = YES;
				CLANG_ENABLE_OBJC_WEAK = YES;
				CLANG_WARN_BLOCK_CAPTURE_AUTORELEASING = YES;
				CLANG_WARN_BOOL_CONVERSION = YES;
				CLANG_WARN_COMMA = YES;
				CLANG_WARN_CONSTANT_CONVERSION = YES;
				CLANG_WARN_DEPRECATED_OBJC_IMPLEMENTATIONS = YES;
				CLANG_WARN_DIRECT_OBJC_ISA_USAGE = YES_ERROR;
				CLANG_WARN_DOCUMENTATION_COMMENTS = YES;
				CLANG_WARN_EMPTY_BODY = YES;
				CLANG_WARN_ENUM_CONVERSION = YES;
				CLANG_WARN_INFINITE_RECURSION = YES;
				CLANG_WARN_INT_CONVERSION = YES;
				CLANG_WARN_NON_LITERAL_NULL_CONVERSION = YES;
				CLANG_WARN_OBJC_IMPLICIT_RETAIN_SELF = YES;
				CLANG_WARN_OBJC_LITERAL_CONVERSION = YES;
				CLANG_WARN_OBJC_ROOT_CLASS = YES_ERROR;
				CLANG_WARN_QUOTED_INCLUDE_IN_FRAMEWORK_HEADER = YES;
				CLANG_WARN_RANGE_LOOP_ANALYSIS = YES;
				CLANG_WARN_STRICT_PROTOTYPES = YES;
				CLANG_WARN_SUSPICIOUS_MOVE = YES;
				CLANG_WARN_UNGUARDED_AVAILABILITY = YES_AGGRESSIVE;
				CLANG_WARN_UNREACHABLE_CODE = YES;
				CLANG_WARN__DUPLICATE_METHOD_MATCH = YES;
				COPY_PHASE_STRIP = NO;
				DEBUG_INFORMATION_FORMAT = dwarf;
				ENABLE_STRICT_OBJC_MSGSEND = YES;
				ENABLE_TESTABILITY = YES;
				ENABLE_USER_SCRIPT_SANDBOXING = YES;
				GCC_C_LANGUAGE_STANDARD = gnu17;
				GCC_DYNAMIC_NO_PIC = NO;
				GCC_NO_COMMON_BLOCKS = YES;
				GCC_OPTIMIZATION_LEVEL = 0;
				GCC_PREPROCESSOR_DEFINITIONS = (
					"DEBUG=1",
					"$(inherited)",
				);
				GCC_WARN_64_TO_32_BIT_CONVERSION = YES;
				GCC_WARN_ABOUT_RETURN_TYPE = YES_ERROR;
				GCC_WARN_UNDECLARED_SELECTOR = YES;
				GCC_WARN_UNINITIALIZED_AUTOS = YES_AGGRESSIVE;
				GCC_WARN_UNUSED_FUNCTION = YES;
				GCC_WARN_UNUSED_VARIABLE = YES;
				IPHONEOS_DEPLOYMENT_TARGET = 17.4;
				LOCALIZATION_PREFERS_STRING_CATALOGS = YES;
				MTL_ENABLE_DEBUG_INFO = INCLUDE_SOURCE;
				MTL_FAST_MATH = YES;
				ONLY_ACTIVE_ARCH = YES;
				SDKROOT = iphoneos;
				SWIFT_ACTIVE_COMPILATION_CONDITIONS = "DEBUG $(inherited)";
				SWIFT_OPTIMIZATION_LEVEL = "-Onone";
			};
			name = Debug;
		};
		BF2ACBF02CA9D2A7005EAD24 /* Release */ = {
			isa = XCBuildConfiguration;
			buildSettings = {
				ALWAYS_SEARCH_USER_PATHS = NO;
				ASSETCATALOG_COMPILER_GENERATE_SWIFT_ASSET_SYMBOL_EXTENSIONS = YES;
				CLANG_ANALYZER_NONNULL = YES;
				CLANG_ANALYZER_NUMBER_OBJECT_CONVERSION = YES_AGGRESSIVE;
				CLANG_CXX_LANGUAGE_STANDARD = "gnu++20";
				CLANG_ENABLE_MODULES = YES;
				CLANG_ENABLE_OBJC_ARC = YES;
				CLANG_ENABLE_OBJC_WEAK = YES;
				CLANG_WARN_BLOCK_CAPTURE_AUTORELEASING = YES;
				CLANG_WARN_BOOL_CONVERSION = YES;
				CLANG_WARN_COMMA = YES;
				CLANG_WARN_CONSTANT_CONVERSION = YES;
				CLANG_WARN_DEPRECATED_OBJC_IMPLEMENTATIONS = YES;
				CLANG_WARN_DIRECT_OBJC_ISA_USAGE = YES_ERROR;
				CLANG_WARN_DOCUMENTATION_COMMENTS = YES;
				CLANG_WARN_EMPTY_BODY = YES;
				CLANG_WARN_ENUM_CONVERSION = YES;
				CLANG_WARN_INFINITE_RECURSION = YES;
				CLANG_WARN_INT_CONVERSION = YES;
				CLANG_WARN_NON_LITERAL_NULL_CONVERSION = YES;
				CLANG_WARN_OBJC_IMPLICIT_RETAIN_SELF = YES;
				CLANG_WARN_OBJC_LITERAL_CONVERSION = YES;
				CLANG_WARN_OBJC_ROOT_CLASS = YES_ERROR;
				CLANG_WARN_QUOTED_INCLUDE_IN_FRAMEWORK_HEADER = YES;
				CLANG_WARN_RANGE_LOOP_ANALYSIS = YES;
				CLANG_WARN_STRICT_PROTOTYPES = YES;
				CLANG_WARN_SUSPICIOUS_MOVE = YES;
				CLANG_WARN_UNGUARDED_AVAILABILITY = YES_AGGRESSIVE;
				CLANG_WARN_UNREACHABLE_CODE = YES;
				CLANG_WARN__DUPLICATE_METHOD_MATCH = YES;
				COPY_PHASE_STRIP = NO;
				DEBUG_INFORMATION_FORMAT = "dwarf-with-dsym";
				ENABLE_NS_ASSERTIONS = NO;
				ENABLE_STRICT_OBJC_MSGSEND = YES;
				ENABLE_USER_SCRIPT_SANDBOXING = YES;
				GCC_C_LANGUAGE_STANDARD = gnu17;
				GCC_NO_COMMON_BLOCKS = YES;
				GCC_WARN_64_TO_32_BIT_CONVERSION = YES;
				GCC_WARN_ABOUT_RETURN_TYPE = YES_ERROR;
				GCC_WARN_UNDECLARED_SELECTOR = YES;
				GCC_WARN_UNINITIALIZED_AUTOS = YES_AGGRESSIVE;
				GCC_WARN_UNUSED_FUNCTION = YES;
				GCC_WARN_UNUSED_VARIABLE = YES;
				IPHONEOS_DEPLOYMENT_TARGET = 17.4;
				LOCALIZATION_PREFERS_STRING_CATALOGS = YES;
				MTL_ENABLE_DEBUG_INFO = NO;
				MTL_FAST_MATH = YES;
				SDKROOT = iphoneos;
				SWIFT_COMPILATION_MODE = wholemodule;
				VALIDATE_PRODUCT = YES;
			};
			name = Release;
		};
		BF2ACBF22CA9D2A7005EAD24 /* Debug */ = {
			isa = XCBuildConfiguration;
			buildSettings = {
				ASSETCATALOG_COMPILER_APPICON_NAME = AppIcon;
				ASSETCATALOG_COMPILER_GLOBAL_ACCENT_COLOR_NAME = AccentColor;
				CODE_SIGN_STYLE = Automatic;
				CURRENT_PROJECT_VERSION = 1;
				DEVELOPMENT_TEAM = Q9G7AMJXC6;
				GENERATE_INFOPLIST_FILE = YES;
				INFOPLIST_FILE = ReadMe/Info.plist;
				INFOPLIST_KEY_UIApplicationSupportsIndirectInputEvents = YES;
				INFOPLIST_KEY_UILaunchStoryboardName = LaunchScreen;
				INFOPLIST_KEY_UISupportedInterfaceOrientations_iPad = "UIInterfaceOrientationPortrait UIInterfaceOrientationPortraitUpsideDown UIInterfaceOrientationLandscapeLeft UIInterfaceOrientationLandscapeRight";
				INFOPLIST_KEY_UISupportedInterfaceOrientations_iPhone = "UIInterfaceOrientationPortrait UIInterfaceOrientationLandscapeLeft UIInterfaceOrientationLandscapeRight";
				LD_RUNPATH_SEARCH_PATHS = (
					"$(inherited)",
					"@executable_path/Frameworks",
				);
				MARKETING_VERSION = 1.0;
				PRODUCT_BUNDLE_IDENTIFIER = com.leo.ReadMe;
				PRODUCT_NAME = "$(TARGET_NAME)";
				SWIFT_EMIT_LOC_STRINGS = YES;
				SWIFT_VERSION = 5.0;
				TARGETED_DEVICE_FAMILY = "1,2";
			};
			name = Debug;
		};
		BF2ACBF32CA9D2A7005EAD24 /* Release */ = {
			isa = XCBuildConfiguration;
			buildSettings = {
				ASSETCATALOG_COMPILER_APPICON_NAME = AppIcon;
				ASSETCATALOG_COMPILER_GLOBAL_ACCENT_COLOR_NAME = AccentColor;
				CODE_SIGN_STYLE = Automatic;
				CURRENT_PROJECT_VERSION = 1;
				DEVELOPMENT_TEAM = Q9G7AMJXC6;
				GENERATE_INFOPLIST_FILE = YES;
				INFOPLIST_FILE = ReadMe/Info.plist;
				INFOPLIST_KEY_UIApplicationSupportsIndirectInputEvents = YES;
				INFOPLIST_KEY_UILaunchStoryboardName = LaunchScreen;
				INFOPLIST_KEY_UISupportedInterfaceOrientations_iPad = "UIInterfaceOrientationPortrait UIInterfaceOrientationPortraitUpsideDown UIInterfaceOrientationLandscapeLeft UIInterfaceOrientationLandscapeRight";
				INFOPLIST_KEY_UISupportedInterfaceOrientations_iPhone = "UIInterfaceOrientationPortrait UIInterfaceOrientationLandscapeLeft UIInterfaceOrientationLandscapeRight";
				LD_RUNPATH_SEARCH_PATHS = (
					"$(inherited)",
					"@executable_path/Frameworks",
				);
				MARKETING_VERSION = 1.0;
				PRODUCT_BUNDLE_IDENTIFIER = com.leo.ReadMe;
				PRODUCT_NAME = "$(TARGET_NAME)";
				SWIFT_EMIT_LOC_STRINGS = YES;
				SWIFT_VERSION = 5.0;
				TARGETED_DEVICE_FAMILY = "1,2";
			};
			name = Release;
		};
/* End XCBuildConfiguration section */

/* Begin XCConfigurationList section */
		BF2ACBD82CA9D2A5005EAD24 /* Build configuration list for PBXProject "ReadMe" */ = {
			isa = XCConfigurationList;
			buildConfigurations = (
				BF2ACBEF2CA9D2A7005EAD24 /* Debug */,
				BF2ACBF02CA9D2A7005EAD24 /* Release */,
			);
			defaultConfigurationIsVisible = 0;
			defaultConfigurationName = Release;
		};
		BF2ACBF12CA9D2A7005EAD24 /* Build configuration list for PBXNativeTarget "ReadMe" */ = {
			isa = XCConfigurationList;
			buildConfigurations = (
				BF2ACBF22CA9D2A7005EAD24 /* Debug */,
				BF2ACBF32CA9D2A7005EAD24 /* Release */,
			);
			defaultConfigurationIsVisible = 0;
			defaultConfigurationName = Release;
		};
/* End XCConfigurationList section */
	};
	rootObject = BF2ACBD52CA9D2A5005EAD24 /* Project object */;
}
